{
  "requires": true,
  "lockfileVersion": 1,
  "dependencies": {
    "lodash": {
      "version": "4.17.21",
      "resolved": "https://registry.npmjs.org/lodash/-/lodash-4.17.21.tgz",
      "integrity": "sha512-v2kDEe57lecTulaDIuNTPy3Ry4gLGJ6Z1O3vE1krgXZNrsQ+LFTGHVxVjcXPs17LhbZVGedAJv8XZ1tvj5FvSg=="
    },
    "mp-html": {
      "version": "2.1.2",
      "resolved": "https://registry.npmjs.org/mp-html/-/mp-html-2.1.2.tgz",
      "integrity": "sha512-OhaJpjxbfj32WSiI0HwaGIjFxfUsJLQjsJbcOc0o4gSzUT3u1XT6X+QQ8DIhI55JL5mDukJ7E01I6DYdOpGRJg=="
    }
  }
}
